
Microsoft Visual Studio Solution File, Format Version 12.00
# Visual Studio Version 17
VisualStudioVersion = 17.0.31903.59
MinimumVisualStudioVersion = 10.0.40219.1
Project("{FAE04EC0-301F-11D3-BF4B-00C04F79EFBC}") = "StoreApp", "StoreApp\StoreApp.csproj", "{F1050FE1-F7C8-4039-9BD5-11206619F11C}"
EndProject
Project("{FAE04EC0-301F-11D3-BF4B-00C04F79EFBC}") = "Entities", "Entities\Entities.csproj", "{100E6BBA-1826-430C-88B8-917134015064}"
EndProject
Project("{FAE04EC0-301F-11D3-BF4B-00C04F79EFBC}") = "Repositories", "Repositories\Repositories.csproj", "{7388B58F-69A6-4C60-8AE9-F2E75E4A2F3C}"
EndProject
Global
	GlobalSection(SolutionConfigurationPlatforms) = preSolution
		Debug|Any CPU = Debug|Any CPU
		Release|Any CPU = Release|Any CPU
	EndGlobalSection
	GlobalSection(SolutionProperties) = preSolution
		HideSolutionNode = FALSE
	EndGlobalSection
	GlobalSection(ProjectConfigurationPlatforms) = postSolution
		{F1050FE1-F7C8-4039-9BD5-11206619F11C}.Debug|Any CPU.ActiveCfg = Debug|Any CPU
		{F1050FE1-F7C8-4039-9BD5-11206619F11C}.Debug|Any CPU.Build.0 = Debug|Any CPU
		{F1050FE1-F7C8-4039-9BD5-11206619F11C}.Release|Any CPU.ActiveCfg = Release|Any CPU
		{F1050FE1-F7C8-4039-9BD5-11206619F11C}.Release|Any CPU.Build.0 = Release|Any CPU
		{100E6BBA-1826-430C-88B8-917134015064}.Debug|Any CPU.ActiveCfg = Debug|Any CPU
		{100E6BBA-1826-430C-88B8-917134015064}.Debug|Any CPU.Build.0 = Debug|Any CPU
		{100E6BBA-1826-430C-88B8-917134015064}.Release|Any CPU.ActiveCfg = Release|Any CPU
		{100E6BBA-1826-430C-88B8-917134015064}.Release|Any CPU.Build.0 = Release|Any CPU
		{7388B58F-69A6-4C60-8AE9-F2E75E4A2F3C}.Debug|Any CPU.ActiveCfg = Debug|Any CPU
		{7388B58F-69A6-4C60-8AE9-F2E75E4A2F3C}.Debug|Any CPU.Build.0 = Debug|Any CPU
		{7388B58F-69A6-4C60-8AE9-F2E75E4A2F3C}.Release|Any CPU.ActiveCfg = Release|Any CPU
		{7388B58F-69A6-4C60-8AE9-F2E75E4A2F3C}.Release|Any CPU.Build.0 = Release|Any CPU
	EndGlobalSection
EndGlobal
